{
  "name": "todolist",
  "version": "1.0.0",
  "lockfileVersion": 1,
  "requires": true,
  "dependencies": {
    "@expo/vector-icons": {
      "version": "14.1.0",
      "resolved": "https://registry.npmjs.org/@expo/vector-icons/-/vector-icons-14.1.0.tgz",
      "integrity": "sha512-7T09UE9h8QDTsUeMGymB4i+iqvtEeaO5VvUjryFB4tugDTG/bkzViWA74hm5pfjjDEhYMXWaX112mcvhccmIwQ=="
    },
    "expo-font": {
      "version": "13.0.4",
      "resolved": "https://registry.npmjs.org/expo-font/-/expo-font-13.0.4.tgz",
      "integrity": "sha512-eAP5hyBgC8gafFtprsz0HMaB795qZfgJWqTmU0NfbSin1wUuVySFMEPMOrTkTgmazU73v4Cb4x7p86jY1XXYUw==",
      "requires": {
        "fontfaceobserver": "^2.1.0"
      }
    },
    "fontfaceobserver": {
      "version": "2.3.0",
      "resolved": "https://registry.npmjs.org/fontfaceobserver/-/fontfaceobserver-2.3.0.tgz",
      "integrity": "sha512-6FPvD/IVyT4ZlNe7Wcn5Fb/4ChigpucKYSvD6a+0iMoLn2inpo711eyIcKjmDtE5XNcgAkSH9uN/nfAeZzHEfg=="
    }
  }
}
